# This file is automatically @generated by Cargo.
# It is not intended for manual editing.
version = 3

[[package]]
name = "shogi_core"
version = "0.1.0"
source = "git+https://github.com/rust-shogi-crates/shogi_core?rev=v0.1.0-6-g8a2f01d#8a2f01d54aad84baf3811fd735982183f250b7bf"

[[package]]
name = "shogi_usi_parser"
version = "0.1.0"
dependencies = [
 "shogi_core",
]

[[package]]
name = "shogi_usi_parser_c"
version = "0.1.0"
dependencies = [
 "shogi_usi_parser",
]
